{
  "nodes": {
    "flakeNimbleLib": {
      "inputs": {
        "nixpkgs": [
          "nixpkgs"
        ]
      },
      "locked": {
        "lastModified": 1647920574,
        "narHash": "sha256-D3ob5QykELhyNcTnISOkjEzLlgXltwON8Ucrz5cpiQI=",
        "owner": "riinr",
        "repo": "nim-flakes-lib",
        "rev": "bfb46a1f762002f07f9d81d93dacd544c6890623",
        "type": "github"
      },
      "original": {
        "owner": "riinr",
        "ref": "master",
        "repo": "nim-flakes-lib",
        "type": "github"
      }
    },
    "nixpkgs": {
      "locked": {
        "narHash": "sha256-+8mazL4KLh6VltXYJc5+QFA5Q1i+Uh/TadRl9/+qcx8=",
        "path": "/nix/store/gddrvlqs5qf1bp3kc80gp3qg5vm8kj76-source",
        "type": "path"
      },
      "original": {
        "id": "nixpkgs",
        "type": "indirect"
      }
    },
    "root": {
      "inputs": {
        "flakeNimbleLib": "flakeNimbleLib",
        "nixpkgs": "nixpkgs",
        "src-htmlgenerator-master": "src-htmlgenerator-master"
      }
    },
    "src-htmlgenerator-master": {
      "flake": false,
      "locked": {
        "lastModified": 1647853022,
        "narHash": "sha256-1SQoNvOplW+V2/BqoJtRQpYXg608EKkCFCofmqVvVTc=",
        "owner": "z-kk",
        "repo": "htmlgenerator",
        "rev": "04057701fd7c85f3a3d4828c15118f11da4bcb22",
        "type": "github"
      },
      "original": {
        "owner": "z-kk",
        "ref": "refs/heads/master",
        "repo": "htmlgenerator",
        "type": "github"
      }
    }
  },
  "root": "root",
  "version": 7
}
